
Microsoft Visual Studio Solution File, Format Version 12.00
# Visual Studio Version 16
VisualStudioVersion = 16.0.33130.400
MinimumVisualStudioVersion = 10.0.40219.1
Project("{FAE04EC0-301F-11D3-BF4B-00C04F79EFBC}") = "KiselevaBA_01_13", "KiselevaBA_01_13.csproj", "{0A7EB948-0C25-4478-839B-5B741EDDCEA4}"
EndProject
Project("{FAE04EC0-301F-11D3-BF4B-00C04F79EFBC}") = "TestProject", "..\TestProject\TestProject.csproj", "{743DDAE3-00B8-4137-8893-6BF199ABA175}"
EndProject
Global
	GlobalSection(SolutionConfigurationPlatforms) = preSolution
		Debug|Any CPU = Debug|Any CPU
		Release|Any CPU = Release|Any CPU
	EndGlobalSection
	GlobalSection(ProjectConfigurationPlatforms) = postSolution
		{0A7EB948-0C25-4478-839B-5B741EDDCEA4}.Debug|Any CPU.ActiveCfg = Debug|Any CPU
		{0A7EB948-0C25-4478-839B-5B741EDDCEA4}.Debug|Any CPU.Build.0 = Debug|Any CPU
		{0A7EB948-0C25-4478-839B-5B741EDDCEA4}.Release|Any CPU.ActiveCfg = Release|Any CPU
		{0A7EB948-0C25-4478-839B-5B741EDDCEA4}.Release|Any CPU.Build.0 = Release|Any CPU
		{743DDAE3-00B8-4137-8893-6BF199ABA175}.Debug|Any CPU.ActiveCfg = Debug|Any CPU
		{743DDAE3-00B8-4137-8893-6BF199ABA175}.Debug|Any CPU.Build.0 = Debug|Any CPU
		{743DDAE3-00B8-4137-8893-6BF199ABA175}.Release|Any CPU.ActiveCfg = Release|Any CPU
		{743DDAE3-00B8-4137-8893-6BF199ABA175}.Release|Any CPU.Build.0 = Release|Any CPU
	EndGlobalSection
	GlobalSection(SolutionProperties) = preSolution
		HideSolutionNode = FALSE
	EndGlobalSection
	GlobalSection(ExtensibilityGlobals) = postSolution
		SolutionGuid = {F42492D0-DA74-4AD2-B382-5C26231446F0}
	EndGlobalSection
EndGlobal
